
Microsoft Visual Studio Solution File, Format Version 12.00
# Visual Studio Version 17
VisualStudioVersion = 17.3.32922.545
MinimumVisualStudioVersion = 10.0.40219.1
Project("{FAE04EC0-301F-11D3-BF4B-00C04F79EFBC}") = "CsCalculator", "CsCalculator\CsCalculator.csproj", "{FCEE9AA7-902F-4CFC-B247-839A8322FD79}"
EndProject
Global
	GlobalSection(SolutionConfigurationPlatforms) = preSolution
		Debug|Any CPU = Debug|Any CPU
		Release|Any CPU = Release|Any CPU
	EndGlobalSection
	GlobalSection(ProjectConfigurationPlatforms) = postSolution
		{FCEE9AA7-902F-4CFC-B247-839A8322FD79}.Debug|Any CPU.ActiveCfg = Debug|Any CPU
		{FCEE9AA7-902F-4CFC-B247-839A8322FD79}.Debug|Any CPU.Build.0 = Debug|Any CPU
		{FCEE9AA7-902F-4CFC-B247-839A8322FD79}.Release|Any CPU.ActiveCfg = Release|Any CPU
		{FCEE9AA7-902F-4CFC-B247-839A8322FD79}.Release|Any CPU.Build.0 = Release|Any CPU
	EndGlobalSection
	GlobalSection(SolutionProperties) = preSolution
		HideSolutionNode = FALSE
	EndGlobalSection
	GlobalSection(ExtensibilityGlobals) = postSolution
		SolutionGuid = {84EF36AE-0FF8-4674-8F8D-DF9E4FE1705B}
	EndGlobalSection
EndGlobal
